// !$*UTF8*$!
{
	archiveVersion = 1;
	classes = {
	};
	objectVersion = 46;
	objects = {

/* Begin PBXBuildFile section */
		2B562BFF1EB25432003F8557 /* Utiles.swift in Sources */ = {isa = PBXBuildFile; fileRef = 2B562BFE1EB25432003F8557 /* Utiles.swift */; };
		2B65A4621EB3791A00F5FD94 /* AddIconCell.swift in Sources */ = {isa = PBXBuildFile; fileRef = 2B65A4611EB3791A00F5FD94 /* AddIconCell.swift */; };
		2BA97F011EA7E02C00A52DF2 /* CheckListItem.swift in Sources */ = {isa = PBXBuildFile; fileRef = 2BA97F001EA7E02C00A52DF2 /* CheckListItem.swift */; };
		2BCE01BF1EA4DC44007FCBD7 /* AppDelegate.swift in Sources */ = {isa = PBXBuildFile; fileRef = 2BCE01BE1EA4DC44007FCBD7 /* AppDelegate.swift */; };
		2BCE01C11EA4DC44007FCBD7 /* CheckListViewController.swift in Sources */ = {isa = PBXBuildFile; fileRef = 2BCE01C01EA4DC44007FCBD7 /* CheckListViewController.swift */; };
		2BCE01C41EA4DC45007FCBD7 /* Main.storyboard in Resources */ = {isa = PBXBuildFile; fileRef = 2BCE01C21EA4DC45007FCBD7 /* Main.storyboard */; };
		2BCE01C61EA4DC45007FCBD7 /* Assets.xcassets in Resources */ = {isa = PBXBuildFile; fileRef = 2BCE01C51EA4DC45007FCBD7 /* Assets.xcassets */; };
		2BCE01C91EA4DC45007FCBD7 /* LaunchScreen.storyboard in Resources */ = {isa = PBXBuildFile; fileRef = 2BCE01C71EA4DC45007FCBD7 /* LaunchScreen.storyboard */; };
		2BCE01D11EA4E65E007FCBD7 /* CheckListItemCell.swift in Sources */ = {isa = PBXBuildFile; fileRef = 2BCE01D01EA4E65E007FCBD7 /* CheckListItemCell.swift */; };
		2BD391271EAEA46600A5B550 /* CategoryItemCell.swift in Sources */ = {isa = PBXBuildFile; fileRef = 2BD391261EAEA46600A5B550 /* CategoryItemCell.swift */; };
		2BD3912E1EAEB9D900A5B550 /* AddCategoryViewController.swift in Sources */ = {isa = PBXBuildFile; fileRef = 2BD3912D1EAEB9D900A5B550 /* AddCategoryViewController.swift */; };
		2BDA91B71EAB56AB00803AE6 /* AddItemViewController.swift in Sources */ = {isa = PBXBuildFile; fileRef = 2BDA91B61EAB56AB00803AE6 /* AddItemViewController.swift */; };
		2BFBE86E1EAE720E0076714A /* CategoryViewController.swift in Sources */ = {isa = PBXBuildFile; fileRef = 2BFBE86D1EAE720E0076714A /* CategoryViewController.swift */; };
		2BFBE8701EAE72F70076714A /* CategoryItem.swift in Sources */ = {isa = PBXBuildFile; fileRef = 2BFBE86F1EAE72F70076714A /* CategoryItem.swift */; };
		2BFF1B771EB0C83300CBCA2C /* AddIconViewController.swift in Sources */ = {isa = PBXBuildFile; fileRef = 2BFF1B761EB0C83300CBCA2C /* AddIconViewController.swift */; };
/* End PBXBuildFile section */

/* Begin PBXFileReference section */
		2B562BFE1EB25432003F8557 /* Utiles.swift */ = {isa = PBXFileReference; fileEncoding = 4; lastKnownFileType = sourcecode.swift; path = Utiles.swift; sourceTree = "<group>"; };
		2B65A4611EB3791A00F5FD94 /* AddIconCell.swift */ = {isa = PBXFileReference; fileEncoding = 4; lastKnownFileType = sourcecode.swift; path = AddIconCell.swift; sourceTree = "<group>"; };
		2BA97F001EA7E02C00A52DF2 /* CheckListItem.swift */ = {isa = PBXFileReference; fileEncoding = 4; lastKnownFileType = sourcecode.swift; path = CheckListItem.swift; sourceTree = "<group>"; };
		2BCE01BB1EA4DC44007FCBD7 /* CheckLists.app */ = {isa = PBXFileReference; explicitFileType = wrapper.application; includeInIndex = 0; path = CheckLists.app; sourceTree = BUILT_PRODUCTS_DIR; };
		2BCE01BE1EA4DC44007FCBD7 /* AppDelegate.swift */ = {isa = PBXFileReference; lastKnownFileType = sourcecode.swift; path = AppDelegate.swift; sourceTree = "<group>"; };
		2BCE01C01EA4DC44007FCBD7 /* CheckListViewController.swift */ = {isa = PBXFileReference; lastKnownFileType = sourcecode.swift; path = CheckListViewController.swift; sourceTree = "<group>"; };
		2BCE01C31EA4DC45007FCBD7 /* Base */ = {isa = PBXFileReference; lastKnownFileType = file.storyboard; name = Base; path = Base.lproj/Main.storyboard; sourceTree = "<group>"; };
		2BCE01C51EA4DC45007FCBD7 /* Assets.xcassets */ = {isa = PBXFileReference; lastKnownFileType = folder.assetcatalog; path = Assets.xcassets; sourceTree = "<group>"; };
		2BCE01C81EA4DC45007FCBD7 /* Base */ = {isa = PBXFileReference; lastKnownFileType = file.storyboard; name = Base; path = Base.lproj/LaunchScreen.storyboard; sourceTree = "<group>"; };
		2BCE01CA1EA4DC45007FCBD7 /* Info.plist */ = {isa = PBXFileReference; lastKnownFileType = text.plist.xml; path = Info.plist; sourceTree = "<group>"; };
		2BCE01D01EA4E65E007FCBD7 /* CheckListItemCell.swift */ = {isa = PBXFileReference; fileEncoding = 4; lastKnownFileType = sourcecode.swift; path = CheckListItemCell.swift; sourceTree = "<group>"; };
		2BD391261EAEA46600A5B550 /* CategoryItemCell.swift */ = {isa = PBXFileReference; fileEncoding = 4; lastKnownFileType = sourcecode.swift; path = CategoryItemCell.swift; sourceTree = "<group>"; };
		2BD3912D1EAEB9D900A5B550 /* AddCategoryViewController.swift */ = {isa = PBXFileReference; fileEncoding = 4; lastKnownFileType = sourcecode.swift; path = AddCategoryViewController.swift; sourceTree = "<group>"; };
		2BDA91B61EAB56AB00803AE6 /* AddItemViewController.swift */ = {isa = PBXFileReference; fileEncoding = 4; lastKnownFileType = sourcecode.swift; path = AddItemViewController.swift; sourceTree = "<group>"; };
		2BFBE86D1EAE720E0076714A /* CategoryViewController.swift */ = {isa = PBXFileReference; fileEncoding = 4; lastKnownFileType = sourcecode.swift; path = CategoryViewController.swift; sourceTree = "<group>"; };
		2BFBE86F1EAE72F70076714A /* CategoryItem.swift */ = {isa = PBXFileReference; fileEncoding = 4; lastKnownFileType = sourcecode.swift; path = CategoryItem.swift; sourceTree = "<group>"; };
		2BFF1B761EB0C83300CBCA2C /* AddIconViewController.swift */ = {isa = PBXFileReference; fileEncoding = 4; lastKnownFileType = sourcecode.swift; path = AddIconViewController.swift; sourceTree = "<group>"; };
/* End PBXFileReference section */

/* Begin PBXFrameworksBuildPhase section */
		2BCE01B81EA4DC44007FCBD7 /* Frameworks */ = {
			isa = PBXFrameworksBuildPhase;
			buildActionMask = 2147483647;
			files = (
			);
			runOnlyForDeploymentPostprocessing = 0;
		};
/* End PBXFrameworksBuildPhase section */

/* Begin PBXGroup section */
		2BCE01B21EA4DC44007FCBD7 = {
			isa = PBXGroup;
			children = (
				2BCE01BD1EA4DC44007FCBD7 /* CheckLists */,
				2BCE01BC1EA4DC44007FCBD7 /* Products */,
			);
			sourceTree = "<group>";
		};
		2BCE01BC1EA4DC44007FCBD7 /* Products */ = {
			isa = PBXGroup;
			children = (
				2BCE01BB1EA4DC44007FCBD7 /* CheckLists.app */,
			);
			name = Products;
			sourceTree = "<group>";
		};
		2BCE01BD1EA4DC44007FCBD7 /* CheckLists */ = {
			isa = PBXGroup;
			children = (
				2BD3912A1EAEA4CC00A5B550 /* view controller */,
				2BD391291EAEA4A500A5B550 /* table cell */,
				2BD391281EAEA48100A5B550 /* model */,
				2BCE01C21EA4DC45007FCBD7 /* Main.storyboard */,
				2BCE01C51EA4DC45007FCBD7 /* Assets.xcassets */,
				2BCE01C71EA4DC45007FCBD7 /* LaunchScreen.storyboard */,
				2BCE01BE1EA4DC44007FCBD7 /* AppDelegate.swift */,
				2BCE01CA1EA4DC45007FCBD7 /* Info.plist */,
				2B562BFE1EB25432003F8557 /* Utiles.swift */,
			);
			path = CheckLists;
			sourceTree = "<group>";
		};
		2BD391281EAEA48100A5B550 /* model */ = {
			isa = PBXGroup;
			children = (
				2BA97F001EA7E02C00A52DF2 /* CheckListItem.swift */,
				2BFBE86F1EAE72F70076714A /* CategoryItem.swift */,
			);
			name = model;
			sourceTree = "<group>";
		};
		2BD391291EAEA4A500A5B550 /* table cell */ = {
			isa = PBXGroup;
			children = (
				2BD391261EAEA46600A5B550 /* CategoryItemCell.swift */,
				2BCE01D01EA4E65E007FCBD7 /* CheckListItemCell.swift */,
				2B65A4611EB3791A00F5FD94 /* AddIconCell.swift */,
			);
			name = "table cell";
			sourceTree = "<group>";
		};
		2BD3912A1EAEA4CC00A5B550 /* view controller */ = {
			isa = PBXGroup;
			children = (
				2BCE01C01EA4DC44007FCBD7 /* CheckListViewController.swift */,
				2BFBE86D1EAE720E0076714A /* CategoryViewController.swift */,
				2BFF1B761EB0C83300CBCA2C /* AddIconViewController.swift */,
				2BDA91B61EAB56AB00803AE6 /* AddItemViewController.swift */,
				2BD3912D1EAEB9D900A5B550 /* AddCategoryViewController.swift */,
			);
			name = "view controller";
			sourceTree = "<group>";
		};
/* End PBXGroup section */

/* Begin PBXNativeTarget section */
		2BCE01BA1EA4DC44007FCBD7 /* CheckLists */ = {
			isa = PBXNativeTarget;
			buildConfigurationList = 2BCE01CD1EA4DC45007FCBD7 /* Build configuration list for PBXNativeTarget "CheckLists" */;
			buildPhases = (
				2BCE01B71EA4DC44007FCBD7 /* Sources */,
				2BCE01B81EA4DC44007FCBD7 /* Frameworks */,
				2BCE01B91EA4DC44007FCBD7 /* Resources */,
			);
			buildRules = (
			);
			dependencies = (
			);
			name = CheckLists;
			productName = CheckLists;
			productReference = 2BCE01BB1EA4DC44007FCBD7 /* CheckLists.app */;
			productType = "com.apple.product-type.application";
		};
/* End PBXNativeTarget section */

/* Begin PBXProject section */
		2BCE01B31EA4DC44007FCBD7 /* Project object */ = {
			isa = PBXProject;
			attributes = {
				LastSwiftUpdateCheck = 0830;
				LastUpgradeCheck = 0830;
				ORGANIZATIONNAME = LinuxPlus;
				TargetAttributes = {
					2BCE01BA1EA4DC44007FCBD7 = {
						CreatedOnToolsVersion = 8.3;
						ProvisioningStyle = Automatic;
					};
				};
			};
			buildConfigurationList = 2BCE01B61EA4DC44007FCBD7 /* Build configuration list for PBXProject "CheckLists" */;
			compatibilityVersion = "Xcode 3.2";
			developmentRegion = English;
			hasScannedForEncodings = 0;
			knownRegions = (
				en,
				Base,
			);
			mainGroup = 2BCE01B21EA4DC44007FCBD7;
			productRefGroup = 2BCE01BC1EA4DC44007FCBD7 /* Products */;
			projectDirPath = "";
			projectRoot = "";
			targets = (
				2BCE01BA1EA4DC44007FCBD7 /* CheckLists */,
			);
		};
/* End PBXProject section */

/* Begin PBXResourcesBuildPhase section */
		2BCE01B91EA4DC44007FCBD7 /* Resources */ = {
			isa = PBXResourcesBuildPhase;
			buildActionMask = 2147483647;
			files = (
				2BCE01C91EA4DC45007FCBD7 /* LaunchScreen.storyboard in Resources */,
				2BCE01C61EA4DC45007FCBD7 /* Assets.xcassets in Resources */,
				2BCE01C41EA4DC45007FCBD7 /* Main.storyboard in Resources */,
			);
			runOnlyForDeploymentPostprocessing = 0;
		};
/* End PBXResourcesBuildPhase section */

/* Begin PBXSourcesBuildPhase section */
		2BCE01B71EA4DC44007FCBD7 /* Sources */ = {
			isa = PBXSourcesBuildPhase;
			buildActionMask = 2147483647;
			files = (
				2BDA91B71EAB56AB00803AE6 /* AddItemViewController.swift in Sources */,
				2B562BFF1EB25432003F8557 /* Utiles.swift in Sources */,
				2BFF1B771EB0C83300CBCA2C /* AddIconViewController.swift in Sources */,
				2BCE01D11EA4E65E007FCBD7 /* CheckListItemCell.swift in Sources */,
				2BD3912E1EAEB9D900A5B550 /* AddCategoryViewController.swift in Sources */,
				2BCE01C11EA4DC44007FCBD7 /* CheckListViewController.swift in Sources */,
				2B65A4621EB3791A00F5FD94 /* AddIconCell.swift in Sources */,
				2BFBE8701EAE72F70076714A /* CategoryItem.swift in Sources */,
				2BCE01BF1EA4DC44007FCBD7 /* AppDelegate.swift in Sources */,
				2BFBE86E1EAE720E0076714A /* CategoryViewController.swift in Sources */,
				2BD391271EAEA46600A5B550 /* CategoryItemCell.swift in Sources */,
				2BA97F011EA7E02C00A52DF2 /* CheckListItem.swift in Sources */,
			);
			runOnlyForDeploymentPostprocessing = 0;
		};
/* End PBXSourcesBuildPhase section */

/* Begin PBXVariantGroup section */
		2BCE01C21EA4DC45007FCBD7 /* Main.storyboard */ = {
			isa = PBXVariantGroup;
			children = (
				2BCE01C31EA4DC45007FCBD7 /* Base */,
			);
			name = Main.storyboard;
			sourceTree = "<group>";
		};
		2BCE01C71EA4DC45007FCBD7 /* LaunchScreen.storyboard */ = {
			isa = PBXVariantGroup;
			children = (
				2BCE01C81EA4DC45007FCBD7 /* Base */,
			);
			name = LaunchScreen.storyboard;
			sourceTree = "<group>";
		};
/* End PBXVariantGroup section */

/* Begin XCBuildConfiguration section */
		2BCE01CB1EA4DC45007FCBD7 /* Debug */ = {
			isa = XCBuildConfiguration;
			buildSettings = {
				ALWAYS_SEARCH_USER_PATHS = NO;
				CLANG_ANALYZER_NONNULL = YES;
				CLANG_ANALYZER_NUMBER_OBJECT_CONVERSION = YES_AGGRESSIVE;
				CLANG_CXX_LANGUAGE_STANDARD = "gnu++0x";
				CLANG_CXX_LIBRARY = "libc++";
				CLANG_ENABLE_MODULES = YES;
				CLANG_ENABLE_OBJC_ARC = YES;
				CLANG_WARN_BOOL_CONVERSION = YES;
				CLANG_WARN_CONSTANT_CONVERSION = YES;
				CLANG_WARN_DIRECT_OBJC_ISA_USAGE = YES_ERROR;
				CLANG_WARN_DOCUMENTATION_COMMENTS = YES;
				CLANG_WARN_EMPTY_BODY = YES;
				CLANG_WARN_ENUM_CONVERSION = YES;
				CLANG_WARN_INFINITE_RECURSION = YES;
				CLANG_WARN_INT_CONVERSION = YES;
				CLANG_WARN_OBJC_ROOT_CLASS = YES_ERROR;
				CLANG_WARN_SUSPICIOUS_MOVE = YES;
				CLANG_WARN_UNREACHABLE_CODE = YES;
				CLANG_WARN__DUPLICATE_METHOD_MATCH = YES;
				"CODE_SIGN_IDENTITY[sdk=iphoneos*]" = "iPhone Developer";
				COPY_PHASE_STRIP = NO;
				DEBUG_INFORMATION_FORMAT = dwarf;
				ENABLE_STRICT_OBJC_MSGSEND = YES;
				ENABLE_TESTABILITY = YES;
				GCC_C_LANGUAGE_STANDARD = gnu99;
				GCC_DYNAMIC_NO_PIC = NO;
				GCC_NO_COMMON_BLOCKS = YES;
				GCC_OPTIMIZATION_LEVEL = 0;
				GCC_PREPROCESSOR_DEFINITIONS = (
					"DEBUG=1",
					"$(inherited)",
				);
				GCC_WARN_64_TO_32_BIT_CONVERSION = YES;
				GCC_WARN_ABOUT_RETURN_TYPE = YES_ERROR;
				GCC_WARN_UNDECLARED_SELECTOR = YES;
				GCC_WARN_UNINITIALIZED_AUTOS = YES_AGGRESSIVE;
				GCC_WARN_UNUSED_FUNCTION = YES;
				GCC_WARN_UNUSED_VARIABLE = YES;
				IPHONEOS_DEPLOYMENT_TARGET = 10.3;
				MTL_ENABLE_DEBUG_INFO = YES;
				ONLY_ACTIVE_ARCH = YES;
				SDKROOT = iphoneos;
				SWIFT_ACTIVE_COMPILATION_CONDITIONS = DEBUG;
				SWIFT_OPTIMIZATION_LEVEL = "-Onone";
				TARGETED_DEVICE_FAMILY = "1,2";
			};
			name = Debug;
		};
		2BCE01CC1EA4DC45007FCBD7 /* Release */ = {
			isa = XCBuildConfiguration;
			buildSettings = {
				ALWAYS_SEARCH_USER_PATHS = NO;
				CLANG_ANALYZER_NONNULL = YES;
				CLANG_ANALYZER_NUMBER_OBJECT_CONVERSION = YES_AGGRESSIVE;
				CLANG_CXX_LANGUAGE_STANDARD = "gnu++0x";
				CLANG_CXX_LIBRARY = "libc++";
				CLANG_ENABLE_MODULES = YES;
				CLANG_ENABLE_OBJC_ARC = YES;
				CLANG_WARN_BOOL_CONVERSION = YES;
				CLANG_WARN_CONSTANT_CONVERSION = YES;
				CLANG_WARN_DIRECT_OBJC_ISA_USAGE = YES_ERROR;
				CLANG_WARN_DOCUMENTATION_COMMENTS = YES;
				CLANG_WARN_EMPTY_BODY = YES;
				CLANG_WARN_ENUM_CONVERSION = YES;
				CLANG_WARN_INFINITE_RECURSION = YES;
				CLANG_WARN_INT_CONVERSION = YES;
				CLANG_WARN_OBJC_ROOT_CLASS = YES_ERROR;
				CLANG_WARN_SUSPICIOUS_MOVE = YES;
				CLANG_WARN_UNREACHABLE_CODE = YES;
				CLANG_WARN__DUPLICATE_METHOD_MATCH = YES;
				"CODE_SIGN_IDENTITY[sdk=iphoneos*]" = "iPhone Developer";
				COPY_PHASE_STRIP = NO;
				DEBUG_INFORMATION_FORMAT = "dwarf-with-dsym";
				ENABLE_NS_ASSERTIONS = NO;
				ENABLE_STRICT_OBJC_MSGSEND = YES;
				GCC_C_LANGUAGE_STANDARD = gnu99;
				GCC_NO_COMMON_BLOCKS = YES;
				GCC_WARN_64_TO_32_BIT_CONVERSION = YES;
				GCC_WARN_ABOUT_RETURN_TYPE = YES_ERROR;
				GCC_WARN_UNDECLARED_SELECTOR = YES;
				GCC_WARN_UNINITIALIZED_AUTOS = YES_AGGRESSIVE;
				GCC_WARN_UNUSED_FUNCTION = YES;
				GCC_WARN_UNUSED_VARIABLE = YES;
				IPHONEOS_DEPLOYMENT_TARGET = 10.3;
				MTL_ENABLE_DEBUG_INFO = NO;
				SDKROOT = iphoneos;
				SWIFT_OPTIMIZATION_LEVEL = "-Owholemodule";
				TARGETED_DEVICE_FAMILY = "1,2";
				VALIDATE_PRODUCT = YES;
			};
			name = Release;
		};
		2BCE01CE1EA4DC45007FCBD7 /* Debug */ = {
			isa = XCBuildConfiguration;
			buildSettings = {
				ASSETCATALOG_COMPILER_APPICON_NAME = AppIcon;
				INFOPLIST_FILE = CheckLists/Info.plist;
				LD_RUNPATH_SEARCH_PATHS = "$(inherited) @executable_path/Frameworks";
				PRODUCT_BUNDLE_IDENTIFIER = Allam.CheckLists;
				PRODUCT_NAME = "$(TARGET_NAME)";
				SWIFT_VERSION = 3.0;
			};
			name = Debug;
		};
		2BCE01CF1EA4DC45007FCBD7 /* Release */ = {
			isa = XCBuildConfiguration;
			buildSettings = {
				ASSETCATALOG_COMPILER_APPICON_NAME = AppIcon;
				INFOPLIST_FILE = CheckLists/Info.plist;
				LD_RUNPATH_SEARCH_PATHS = "$(inherited) @executable_path/Frameworks";
				PRODUCT_BUNDLE_IDENTIFIER = Allam.CheckLists;
				PRODUCT_NAME = "$(TARGET_NAME)";
				SWIFT_VERSION = 3.0;
			};
			name = Release;
		};
/* End XCBuildConfiguration section */

/* Begin XCConfigurationList section */
		2BCE01B61EA4DC44007FCBD7 /* Build configuration list for PBXProject "CheckLists" */ = {
			isa = XCConfigurationList;
			buildConfigurations = (
				2BCE01CB1EA4DC45007FCBD7 /* Debug */,
				2BCE01CC1EA4DC45007FCBD7 /* Release */,
			);
			defaultConfigurationIsVisible = 0;
			defaultConfigurationName = Release;
		};
		2BCE01CD1EA4DC45007FCBD7 /* Build configuration list for PBXNativeTarget "CheckLists" */ = {
			isa = XCConfigurationList;
			buildConfigurations = (
				2BCE01CE1EA4DC45007FCBD7 /* Debug */,
				2BCE01CF1EA4DC45007FCBD7 /* Release */,
			);
			defaultConfigurationIsVisible = 0;
			defaultConfigurationName = Release;
		};
/* End XCConfigurationList section */
	};
	rootObject = 2BCE01B31EA4DC44007FCBD7 /* Project object */;
}
